# This file is automatically @generated by Cargo.
# It is not intended for manual editing.
version = 4

[[package]]
name = "archery"
version = "1.2.3"
source = "registry+https://github.com/rust-lang/crates.io-index"
checksum = "33ca55ee147b1926dbea904f50fe4902494e97bc742205abbbf10c709e43815f"
dependencies = [
 "triomphe",
]

[[package]]
name = "coll"
version = "0.1.0"
dependencies = [
 "rpds",
]

[[package]]
name = "rpds"
version = "1.2.1"
source = "registry+https://github.com/rust-lang/crates.io-index"
checksum = "e025feb26210bc196b908e72deb063b1b4000754304341cbc168a1e72c857ebc"
dependencies = [
 "archery",
 "smallvec",
]

[[package]]
name = "smallvec"
version = "1.16.2"
source = "registry+https://github.com/rust-lang/crates.io-index"
checksum = "f9395f0f0eee849a9b707b2f06bb92a6a422090e2123bb2ef8e87a0e61892a8e"

[[package]]
name = "triomphe"
version = "0.1.16"
source = "registry+https://github.com/rust-lang/crates.io-index"
checksum = "b40688ea6389c8171614b25491f71d4a27946e0c7ce2da1c6de27e25abf1a0ae"
